{
  "name": "splat-lod-renderer-benchmark",
  "lockfileVersion": 3,
  "requires": true,
  "packages": {
    "": {
      "name": "splat-lod-renderer-benchmark",
      "dependencies": {
        "@luma.gl/core": "9.4.0",
        "@luma.gl/splats": "9.4.0",
        "@luma.gl/webgpu": "9.4.0",
        "@playcanvas/splat-transform": "3.3.3",
        "@sparkjsdev/spark": "2.1.0",
        "esbuild": "0.25.9",
        "playcanvas": "2.22.0",
        "three": "0.180.0"
      }
    },
    "node_modules/@adobe/spz": {
      "version": "0.2.2",
      "resolved": "https://registry.npmjs.org/@adobe/spz/-/spz-0.2.2.tgz",
      "integrity": "sha512-KUCw5R52rCBnfyvOOIa9nUQGfR6TEcHjYzuWDYRGb1fpkpnkci6VXFqCx/xFJ1yEN7V5gc9YxU2zIY6sEjIbhw==",
      "license": "ISC"
    },
    "node_modules/@esbuild/aix-ppc64": {
      "version": "0.25.9",
      "resolved": "https://registry.npmjs.org/@esbuild/aix-ppc64/-/aix-ppc64-0.25.9.tgz",
      "integrity": "sha512-OaGtL73Jck6pBKjNIe24BnFE6agGl+6KxDtTfHhy1HmhthfKouEcOhqpSL64K4/0WCtbKFLOdzD/44cJ4k9opA==",
      "cpu": [
        "ppc64"
      ],
      "license": "MIT",
      "optional": true,
      "os": [
        "aix"
      ],
      "engines": {
        "node": ">=18"
      }
    },
    "node_modules/@esbuild/android-arm": {
      "version": "0.25.9",
      "resolved": "https://registry.npmjs.org/@esbuild/android-arm/-/android-arm-0.25.9.tgz",
      "integrity": "sha512-5WNI1DaMtxQ7t7B6xa572XMXpHAaI/9Hnhk8lcxF4zVN4xstUgTlvuGDorBguKEnZO70qwEcLpfifMLoxiPqHQ==",
      "cpu": [
        "arm"
      ],
      "license": "MIT",
      "optional": true,
      "os": [
        "android"
      ],
      "engines": {
        "node": ">=18"
      }
    },
    "node_modules/@esbuild/android-arm64": {
      "version": "0.25.9",
      "resolved": "https://registry.npmjs.org/@esbuild/android-arm64/-/android-arm64-0.25.9.tgz",
      "integrity": "sha512-IDrddSmpSv51ftWslJMvl3Q2ZT98fUSL2/rlUXuVqRXHCs5EUF1/f+jbjF5+NG9UffUDMCiTyh8iec7u8RlTLg==",
      "cpu": [
        "arm64"
      ],
      "license": "MIT",
      "optional": true,
      "os": [
        "android"
      ],
      "engines": {
        "node": ">=18"
      }
    },
    "node_modules/@esbuild/android-x64": {
      "version": "0.25.9",
      "resolved": "https://registry.npmjs.org/@esbuild/android-x64/-/android-x64-0.25.9.tgz",
      "integrity": "sha512-I853iMZ1hWZdNllhVZKm34f4wErd4lMyeV7BLzEExGEIZYsOzqDWDf+y082izYUE8gtJnYHdeDpN/6tUdwvfiw==",
      "cpu": [
        "x64"
      ],
      "license": "MIT",
      "optional": true,
      "os": [
        "android"
      ],
      "engines": {
        "node": ">=18"
      }
    },
    "node_modules/@esbuild/darwin-arm64": {
      "version": "0.25.9",
      "resolved": "https://registry.npmjs.org/@esbuild/darwin-arm64/-/darwin-arm64-0.25.9.tgz",
      "integrity": "sha512-XIpIDMAjOELi/9PB30vEbVMs3GV1v2zkkPnuyRRURbhqjyzIINwj+nbQATh4H9GxUgH1kFsEyQMxwiLFKUS6Rg==",
      "cpu": [
        "arm64"
      ],
      "license": "MIT",
      "optional": true,
      "os": [
        "darwin"
      ],
      "engines": {
        "node": ">=18"
      }
    },
    "node_modules/@esbuild/darwin-x64": {
      "version": "0.25.9",
      "resolved": "https://registry.npmjs.org/@esbuild/darwin-x64/-/darwin-x64-0.25.9.tgz",
      "integrity": "sha512-jhHfBzjYTA1IQu8VyrjCX4ApJDnH+ez+IYVEoJHeqJm9VhG9Dh2BYaJritkYK3vMaXrf7Ogr/0MQ8/MeIefsPQ==",
      "cpu": [
        "x64"
      ],
      "license": "MIT",
      "optional": true,
      "os": [
        "darwin"
      ],
      "engines": {
        "node": ">=18"
      }
    },
    "node_modules/@esbuild/freebsd-arm64": {
      "version": "0.25.9",
      "resolved": "https://registry.npmjs.org/@esbuild/freebsd-arm64/-/freebsd-arm64-0.25.9.tgz",
      "integrity": "sha512-z93DmbnY6fX9+KdD4Ue/H6sYs+bhFQJNCPZsi4XWJoYblUqT06MQUdBCpcSfuiN72AbqeBFu5LVQTjfXDE2A6Q==",
      "cpu": [
        "arm64"
      ],
      "license": "MIT",
      "optional": true,
      "os": [
        "freebsd"
      ],
      "engines": {
        "node": ">=18"
      }
    },
    "node_modules/@esbuild/freebsd-x64": {
      "version": "0.25.9",
      "resolved": "https://registry.npmjs.org/@esbuild/freebsd-x64/-/freebsd-x64-0.25.9.tgz",
      "integrity": "sha512-mrKX6H/vOyo5v71YfXWJxLVxgy1kyt1MQaD8wZJgJfG4gq4DpQGpgTB74e5yBeQdyMTbgxp0YtNj7NuHN0PoZg==",
      "cpu": [
        "x64"
      ],
      "license": "MIT",
      "optional": true,
      "os": [
        "freebsd"
      ],
      "engines": {
        "node": ">=18"
      }
    },
    "node_modules/@esbuild/linux-arm": {
      "version": "0.25.9",
      "resolved": "https://registry.npmjs.org/@esbuild/linux-arm/-/linux-arm-0.25.9.tgz",
      "integrity": "sha512-HBU2Xv78SMgaydBmdor38lg8YDnFKSARg1Q6AT0/y2ezUAKiZvc211RDFHlEZRFNRVhcMamiToo7bDx3VEOYQw==",
      "cpu": [
        "arm"
      ],
      "license": "MIT",
      "optional": true,
      "os": [
        "linux"
      ],
      "engines": {
        "node": ">=18"
      }
    },
    "node_modules/@esbuild/linux-arm64": {
      "version": "0.25.9",
      "resolved": "https://registry.npmjs.org/@esbuild/linux-arm64/-/linux-arm64-0.25.9.tgz",
      "integrity": "sha512-BlB7bIcLT3G26urh5Dmse7fiLmLXnRlopw4s8DalgZ8ef79Jj4aUcYbk90g8iCa2467HX8SAIidbL7gsqXHdRw==",
      "cpu": [
        "arm64"
      ],
      "license": "MIT",
      "optional": true,
      "os": [
        "linux"
      ],
      "engines": {
        "node": ">=18"
      }
    },
    "node_modules/@esbuild/linux-ia32": {
      "version": "0.25.9",
      "resolved": "https://registry.npmjs.org/@esbuild/linux-ia32/-/linux-ia32-0.25.9.tgz",
      "integrity": "sha512-e7S3MOJPZGp2QW6AK6+Ly81rC7oOSerQ+P8L0ta4FhVi+/j/v2yZzx5CqqDaWjtPFfYz21Vi1S0auHrap3Ma3A==",
      "cpu": [
        "ia32"
      ],
      "license": "MIT",
      "optional": true,
      "os": [
        "linux"
      ],
      "engines": {
        "node": ">=18"
      }
    },
    "node_modules/@esbuild/linux-loong64": {
      "version": "0.25.9",
      "resolved": "https://registry.npmjs.org/@esbuild/linux-loong64/-/linux-loong64-0.25.9.tgz",
      "integrity": "sha512-Sbe10Bnn0oUAB2AalYztvGcK+o6YFFA/9829PhOCUS9vkJElXGdphz0A3DbMdP8gmKkqPmPcMJmJOrI3VYB1JQ==",
      "cpu": [
        "loong64"
      ],
      "license": "MIT",
      "optional": true,
      "os": [
        "linux"
      ],
      "engines": {
        "node": ">=18"
      }
    },
    "node_modules/@esbuild/linux-mips64el": {
      "version": "0.25.9",
      "resolved": "https://registry.npmjs.org/@esbuild/linux-mips64el/-/linux-mips64el-0.25.9.tgz",
      "integrity": "sha512-YcM5br0mVyZw2jcQeLIkhWtKPeVfAerES5PvOzaDxVtIyZ2NUBZKNLjC5z3/fUlDgT6w89VsxP2qzNipOaaDyA==",
      "cpu": [
        "mips64el"
      ],
      "license": "MIT",
      "optional": true,
      "os": [
        "linux"
      ],
      "engines": {
        "node": ">=18"
      }
    },
    "node_modules/@esbuild/linux-ppc64": {
      "version": "0.25.9",
      "resolved": "https://registry.npmjs.org/@esbuild/linux-ppc64/-/linux-ppc64-0.25.9.tgz",
      "integrity": "sha512-++0HQvasdo20JytyDpFvQtNrEsAgNG2CY1CLMwGXfFTKGBGQT3bOeLSYE2l1fYdvML5KUuwn9Z8L1EWe2tzs1w==",
      "cpu": [
        "ppc64"
      ],
      "license": "MIT",
      "optional": true,
      "os": [
        "linux"
      ],
      "engines": {
        "node": ">=18"
      }
    },
    "node_modules/@esbuild/linux-riscv64": {
      "version": "0.25.9",
      "resolved": "https://registry.npmjs.org/@esbuild/linux-riscv64/-/linux-riscv64-0.25.9.tgz",
      "integrity": "sha512-uNIBa279Y3fkjV+2cUjx36xkx7eSjb8IvnL01eXUKXez/CBHNRw5ekCGMPM0BcmqBxBcdgUWuUXmVWwm4CH9kg==",
      "cpu": [
        "riscv64"
      ],
      "license": "MIT",
      "optional": true,
      "os": [
        "linux"
      ],
      "engines": {
        "node": ">=18"
      }
    },
    "node_modules/@esbuild/linux-s390x": {
      "version": "0.25.9",
      "resolved": "https://registry.npmjs.org/@esbuild/linux-s390x/-/linux-s390x-0.25.9.tgz",
      "integrity": "sha512-Mfiphvp3MjC/lctb+7D287Xw1DGzqJPb/J2aHHcHxflUo+8tmN/6d4k6I2yFR7BVo5/g7x2Monq4+Yew0EHRIA==",
      "cpu": [
        "s390x"
      ],
      "license": "MIT",
      "optional": true,
      "os": [
        "linux"
      ],
      "engines": {
        "node": ">=18"
      }
    },
    "node_modules/@esbuild/linux-x64": {
      "version": "0.25.9",
      "resolved": "https://registry.npmjs.org/@esbuild/linux-x64/-/linux-x64-0.25.9.tgz",
      "integrity": "sha512-iSwByxzRe48YVkmpbgoxVzn76BXjlYFXC7NvLYq+b+kDjyyk30J0JY47DIn8z1MO3K0oSl9fZoRmZPQI4Hklzg==",
      "cpu": [
        "x64"
      ],
      "license": "MIT",
      "optional": true,
      "os": [
        "linux"
      ],
      "engines": {
        "node": ">=18"
      }
    },
    "node_modules/@esbuild/netbsd-arm64": {
      "version": "0.25.9",
      "resolved": "https://registry.npmjs.org/@esbuild/netbsd-arm64/-/netbsd-arm64-0.25.9.tgz",
      "integrity": "sha512-9jNJl6FqaUG+COdQMjSCGW4QiMHH88xWbvZ+kRVblZsWrkXlABuGdFJ1E9L7HK+T0Yqd4akKNa/lO0+jDxQD4Q==",
      "cpu": [
        "arm64"
      ],
      "license": "MIT",
      "optional": true,
      "os": [
        "netbsd"
      ],
      "engines": {
        "node": ">=18"
      }
    },
    "node_modules/@esbuild/netbsd-x64": {
      "version": "0.25.9",
      "resolved": "https://registry.npmjs.org/@esbuild/netbsd-x64/-/netbsd-x64-0.25.9.tgz",
      "integrity": "sha512-RLLdkflmqRG8KanPGOU7Rpg829ZHu8nFy5Pqdi9U01VYtG9Y0zOG6Vr2z4/S+/3zIyOxiK6cCeYNWOFR9QP87g==",
      "cpu": [
        "x64"
      ],
      "license": "MIT",
      "optional": true,
      "os": [
        "netbsd"
      ],
      "engines": {
        "node": ">=18"
      }
    },
    "node_modules/@esbuild/openbsd-arm64": {
      "version": "0.25.9",
      "resolved": "https://registry.npmjs.org/@esbuild/openbsd-arm64/-/openbsd-arm64-0.25.9.tgz",
      "integrity": "sha512-YaFBlPGeDasft5IIM+CQAhJAqS3St3nJzDEgsgFixcfZeyGPCd6eJBWzke5piZuZ7CtL656eOSYKk4Ls2C0FRQ==",
      "cpu": [
        "arm64"
      ],
      "license": "MIT",
      "optional": true,
      "os": [
        "openbsd"
      ],
      "engines": {
        "node": ">=18"
      }
    },
    "node_modules/@esbuild/openbsd-x64": {
      "version": "0.25.9",
      "resolved": "https://registry.npmjs.org/@esbuild/openbsd-x64/-/openbsd-x64-0.25.9.tgz",
      "integrity": "sha512-1MkgTCuvMGWuqVtAvkpkXFmtL8XhWy+j4jaSO2wxfJtilVCi0ZE37b8uOdMItIHz4I6z1bWWtEX4CJwcKYLcuA==",
      "cpu": [
        "x64"
      ],
      "license": "MIT",
      "optional": true,
      "os": [
        "openbsd"
      ],
      "engines": {
        "node": ">=18"
      }
    },
    "node_modules/@esbuild/openharmony-arm64": {
      "version": "0.25.9",
      "resolved": "https://registry.npmjs.org/@esbuild/openharmony-arm64/-/openharmony-arm64-0.25.9.tgz",
      "integrity": "sha512-4Xd0xNiMVXKh6Fa7HEJQbrpP3m3DDn43jKxMjxLLRjWnRsfxjORYJlXPO4JNcXtOyfajXorRKY9NkOpTHptErg==",
      "cpu": [
        "arm64"
      ],
      "license": "MIT",
      "optional": true,
      "os": [
        "openharmony"
      ],
      "engines": {
        "node": ">=18"
      }
    },
    "node_modules/@esbuild/sunos-x64": {
      "version": "0.25.9",
      "resolved": "https://registry.npmjs.org/@esbuild/sunos-x64/-/sunos-x64-0.25.9.tgz",
      "integrity": "sha512-WjH4s6hzo00nNezhp3wFIAfmGZ8U7KtrJNlFMRKxiI9mxEK1scOMAaa9i4crUtu+tBr+0IN6JCuAcSBJZfnphw==",
      "cpu": [
        "x64"
      ],
      "license": "MIT",
      "optional": true,
      "os": [
        "sunos"
      ],
      "engines": {
        "node": ">=18"
      }
    },
    "node_modules/@esbuild/win32-arm64": {
      "version": "0.25.9",
      "resolved": "https://registry.npmjs.org/@esbuild/win32-arm64/-/win32-arm64-0.25.9.tgz",
      "integrity": "sha512-mGFrVJHmZiRqmP8xFOc6b84/7xa5y5YvR1x8djzXpJBSv/UsNK6aqec+6JDjConTgvvQefdGhFDAs2DLAds6gQ==",
      "cpu": [
        "arm64"
      ],
      "license": "MIT",
      "optional": true,
      "os": [
        "win32"
      ],
      "engines": {
        "node": ">=18"
      }
    },
    "node_modules/@esbuild/win32-ia32": {
      "version": "0.25.9",
      "resolved": "https://registry.npmjs.org/@esbuild/win32-ia32/-/win32-ia32-0.25.9.tgz",
      "integrity": "sha512-b33gLVU2k11nVx1OhX3C8QQP6UHQK4ZtN56oFWvVXvz2VkDoe6fbG8TOgHFxEvqeqohmRnIHe5A1+HADk4OQww==",
      "cpu": [
        "ia32"
      ],
      "license": "MIT",
      "optional": true,
      "os": [
        "win32"
      ],
      "engines": {
        "node": ">=18"
      }
    },
    "node_modules/@esbuild/win32-x64": {
      "version": "0.25.9",
      "resolved": "https://registry.npmjs.org/@esbuild/win32-x64/-/win32-x64-0.25.9.tgz",
      "integrity": "sha512-PPOl1mi6lpLNQxnGoyAfschAodRFYXJ+9fs6WHXz7CSWKbOqiMZsubC+BQsVKuul+3vKLuwTHsS2c2y9EoKwxQ==",
      "cpu": [
        "x64"
      ],
      "license": "MIT",
      "optional": true,
      "os": [
        "win32"
      ],
      "engines": {
        "node": ">=18"
      }
    },
    "node_modules/@luma.gl/core": {
      "version": "9.4.0",
      "resolved": "https://registry.npmjs.org/@luma.gl/core/-/core-9.4.0.tgz",
      "integrity": "sha512-2SIB77DoZ6LMZW/aPS/M3hKHP8UR0WR6f5R2+Sir5FdNVdOvFiOHAxPCafjVTxTqFWWHnh1NSCo5k/qq6sdFQw==",
      "license": "MIT",
      "dependencies": {
        "@math.gl/types": "^4.1.0",
        "@probe.gl/env": "^4.1.1",
        "@probe.gl/log": "^4.1.1",
        "@probe.gl/stats": "^4.1.1",
        "@types/offscreencanvas": "^2019.7.3"
      }
    },
    "node_modules/@luma.gl/engine": {
      "version": "9.4.0",
      "resolved": "https://registry.npmjs.org/@luma.gl/engine/-/engine-9.4.0.tgz",
      "integrity": "sha512-VK1kvdbGKzUmxNC0caR2YB65Q9VV5JA2bMOZwE3k6+mwrSymUrgIgjsNZHasjwe8QnSPlZNpMBsQDVVrdG9P1g==",
      "license": "MIT",
      "dependencies": {
        "@math.gl/core": "^4.1.0",
        "@math.gl/types": "^4.1.0",
        "@probe.gl/log": "^4.1.1",
        "@probe.gl/stats": "^4.1.1"
      },
      "peerDependencies": {
        "@luma.gl/core": "~9.4.0",
        "@luma.gl/shadertools": "~9.4.0"
      }
    },
    "node_modules/@luma.gl/experimental": {
      "version": "9.4.0",
      "resolved": "https://registry.npmjs.org/@luma.gl/experimental/-/experimental-9.4.0.tgz",
      "integrity": "sha512-4EAsPzNaygB0h90mIfdewQIRkv53bBGdoxObTMoBxNHjTqPncPwnVqyaFThxRc/Hw6liFnUvKN9EgEmsOBkq3A==",
      "license": "MIT",
      "dependencies": {
        "@luma.gl/gpgpu": "9.4.0",
        "@math.gl/core": "^4.1.0",
        "@math.gl/types": "^4.1.0"
      },
      "peerDependencies": {
        "@luma.gl/core": "~9.4.0",
        "@luma.gl/engine": "~9.4.0",
        "@luma.gl/shadertools": "~9.4.0"
      }
    },
    "node_modules/@luma.gl/gpgpu": {
      "version": "9.4.0",
      "resolved": "https://registry.npmjs.org/@luma.gl/gpgpu/-/gpgpu-9.4.0.tgz",
      "integrity": "sha512-Rs1Fi50lF9GH90qteHGFS70defMWsZz9fu2ghI8eYW5kecORmEsi/Z1Q0taJHVdhKVdOil1mEr8A7DFMGNBhQg==",
      "license": "MIT",
      "dependencies": {
        "@math.gl/core": "^4.1.0",
        "@math.gl/types": "^4.1.0",
        "@probe.gl/log": "^4.0.8",
        "@probe.gl/stats": "^4.0.8"
      },
      "peerDependencies": {
        "@luma.gl/core": "~9.4.0",
        "@luma.gl/engine": "~9.4.0",
        "@luma.gl/shadertools": "~9.4.0",
        "@luma.gl/webgpu": "~9.4.0"
      }
    },
    "node_modules/@luma.gl/shadertools": {
      "version": "9.4.0",
      "resolved": "https://registry.npmjs.org/@luma.gl/shadertools/-/shadertools-9.4.0.tgz",
      "integrity": "sha512-H+V0rfSdzpceJc3li7AvK3JlegrMr1293UsWx7g/4D907Kqk34YcOupkqqp367LYVZFC5rEzdnkcjqD7SjeBkA==",
      "license": "MIT",
      "dependencies": {
        "@math.gl/core": "^4.1.0",
        "@math.gl/types": "^4.1.0"
      },
      "peerDependencies": {
        "@luma.gl/core": "~9.4.0"
      }
    },
    "node_modules/@luma.gl/splats": {
      "version": "9.4.0",
      "resolved": "https://registry.npmjs.org/@luma.gl/splats/-/splats-9.4.0.tgz",
      "integrity": "sha512-M3TpRXePjqL3o6YeoobNb6cpmQZDrvZMbx5QI/vtrhSycw0GOhm+4ubpj6B2Itbub4q0/kOvKSmO5FqK0HQopw==",
      "license": "MIT",
      "dependencies": {
        "@luma.gl/core": "9.4.0",
        "@luma.gl/engine": "9.4.0",
        "@luma.gl/experimental": "9.4.0",
        "@luma.gl/gpgpu": "9.4.0",
        "@luma.gl/shadertools": "9.4.0"
      }
    },
    "node_modules/@luma.gl/webgpu": {
      "version": "9.4.0",
      "resolved": "https://registry.npmjs.org/@luma.gl/webgpu/-/webgpu-9.4.0.tgz",
      "integrity": "sha512-Ikqlsfsm7L8PJf3zscVwgZ37elhKFytFmWeS7GPh0v4A+ZHBIuK/o3mfohgUB1XRTW3FyxmGyLd4gA975W3h2A==",
      "license": "MIT",
      "dependencies": {
        "@probe.gl/env": "^4.1.1",
        "@webgpu/types": "^0.1.69"
      },
      "peerDependencies": {
        "@luma.gl/core": "~9.4.0",
        "@luma.gl/shadertools": "~9.4.0"
      }
    },
    "node_modules/@math.gl/core": {
      "version": "4.1.0",
      "resolved": "https://registry.npmjs.org/@math.gl/core/-/core-4.1.0.tgz",
      "integrity": "sha512-FrdHBCVG3QdrworwrUSzXIaK+/9OCRLscxI2OUy6sLOHyHgBMyfnEGs99/m3KNvs+95BsnQLWklVfpKfQzfwKA==",
      "license": "MIT",
      "dependencies": {
        "@math.gl/types": "4.1.0"
      }
    },
    "node_modules/@math.gl/types": {
      "version": "4.1.0",
      "resolved": "https://registry.npmjs.org/@math.gl/types/-/types-4.1.0.tgz",
      "integrity": "sha512-clYZdHcmRvMzVK5fjeDkQlHUzXQSNdZ7s4xOqC3nJPgz4C/TZkUecTo9YS4PruZqtDda/ag4erndP0MIn40dGA==",
      "license": "MIT"
    },
    "node_modules/@playcanvas/splat-transform": {
      "version": "3.3.3",
      "resolved": "https://registry.npmjs.org/@playcanvas/splat-transform/-/splat-transform-3.3.3.tgz",
      "integrity": "sha512-622QIQ+zZjAWDmhO6fRiPOxlJKAI5fPWgQKBAZ9a64g4Y02Q69VbkSRp4LcvdIhcRpQtK1AyR8HaFqa/Qx6Fog==",
      "license": "MIT",
      "dependencies": {
        "@adobe/spz": "0.2.2",
        "webgpu": "0.4.0"
      },
      "bin": {
        "splat-transform": "bin/cli.mjs"
      },
      "engines": {
        "node": ">=22.0.0"
      },
      "peerDependencies": {
        "playcanvas": "^2.0.0"
      }
    },
    "node_modules/@probe.gl/env": {
      "version": "4.1.2",
      "resolved": "https://registry.npmjs.org/@probe.gl/env/-/env-4.1.2.tgz",
      "integrity": "sha512-KIcdjrEiEZVIGX9nh7pZSmTMIKrd+wCb09gyXqpYYI4hs9WMqrQHvKZ7KD8ASutf6kwARwgd4WNQn8aucLSz3g==",
      "license": "MIT"
    },
    "node_modules/@probe.gl/log": {
      "version": "4.1.2",
      "resolved": "https://registry.npmjs.org/@probe.gl/log/-/log-4.1.2.tgz",
      "integrity": "sha512-2LqSq4CHhc/HJQasHMPOzA6c7rprlGz8CCREGebo19jxcuKdvXQo0DEmlfId076U6UldMp6jGhWvDHEFLX111Q==",
      "license": "MIT",
      "dependencies": {
        "@probe.gl/env": "4.1.2"
      }
    },
    "node_modules/@probe.gl/stats": {
      "version": "4.1.2",
      "resolved": "https://registry.npmjs.org/@probe.gl/stats/-/stats-4.1.2.tgz",
      "integrity": "sha512-Hqc0UIHd0IZ2+JbovzTz7lYG7CY9D8yCB81zyP92Zl9UDSPcw2cLbTySW14keAQeAo1sjGjUw0+KHxr0Y2h/hA==",
      "license": "MIT"
    },
    "node_modules/@sparkjsdev/spark": {
      "version": "2.1.0",
      "resolved": "https://registry.npmjs.org/@sparkjsdev/spark/-/spark-2.1.0.tgz",
      "integrity": "sha512-BRw+MuMzx0B3K8fDLQygt2OHEhYUV+41RX7btq9pZ3rCVrq42o57jW34VAIvC7JO/84DJh/1AutACV9ym6BfVg==",
      "license": "MIT",
      "dependencies": {
        "fflate": "^0.8.2"
      },
      "peerDependencies": {
        "three": ">=0.180.0"
      }
    },
    "node_modules/@types/offscreencanvas": {
      "version": "2019.7.3",
      "resolved": "https://registry.npmjs.org/@types/offscreencanvas/-/offscreencanvas-2019.7.3.tgz",
      "integrity": "sha512-ieXiYmgSRXUDeOntE1InxjWyvEelZGP63M+cGuquuRLuIKKT1osnkXjxev9B7d1nXSug5vpunx+gNlbVxMlC9A==",
      "license": "MIT"
    },
    "node_modules/@types/webxr": {
      "version": "0.5.24",
      "resolved": "https://registry.npmjs.org/@types/webxr/-/webxr-0.5.24.tgz",
      "integrity": "sha512-h8fgEd/DpoS9CBrjEQXR+dIDraopAEfu4wYVNY2tEPwk60stPWhvZMf4Foo5FakuQ7HFZoa8WceaWFervK2Ovg==",
      "license": "MIT"
    },
    "node_modules/@webgpu/types": {
      "version": "0.1.72",
      "resolved": "https://registry.npmjs.org/@webgpu/types/-/types-0.1.72.tgz",
      "integrity": "sha512-0cF7RFM2edNoiIS1ODJp0/Gzv4/xSXhwoR0YCza+OWpJWtn4wmo9DvK91aLlH9+uUnwIriP7ZiC3WitmyhuzBw==",
      "license": "BSD-3-Clause"
    },
    "node_modules/debug": {
      "version": "4.4.3",
      "resolved": "https://registry.npmjs.org/debug/-/debug-4.4.3.tgz",
      "integrity": "sha512-RGwwWnwQvkVfavKVt22FGLw+xYSdzARwm0ru6DhTVA3umU5hZc28V3kO4stgYryrTlLpuvgI9GiijltAjNbcqA==",
      "license": "MIT",
      "dependencies": {
        "ms": "^2.1.3"
      },
      "engines": {
        "node": ">=6.0"
      },
      "peerDependenciesMeta": {
        "supports-color": {
          "optional": true
        }
      }
    },
    "node_modules/esbuild": {
      "version": "0.25.9",
      "resolved": "https://registry.npmjs.org/esbuild/-/esbuild-0.25.9.tgz",
      "integrity": "sha512-CRbODhYyQx3qp7ZEwzxOk4JBqmD/seJrzPa/cGjY1VtIn5E09Oi9/dB4JwctnfZ8Q8iT7rioVv5k/FNT/uf54g==",
      "hasInstallScript": true,
      "license": "MIT",
      "bin": {
        "esbuild": "bin/esbuild"
      },
      "engines": {
        "node": ">=18"
      },
      "optionalDependencies": {
        "@esbuild/aix-ppc64": "0.25.9",
        "@esbuild/android-arm": "0.25.9",
        "@esbuild/android-arm64": "0.25.9",
        "@esbuild/android-x64": "0.25.9",
        "@esbuild/darwin-arm64": "0.25.9",
        "@esbuild/darwin-x64": "0.25.9",
        "@esbuild/freebsd-arm64": "0.25.9",
        "@esbuild/freebsd-x64": "0.25.9",
        "@esbuild/linux-arm": "0.25.9",
        "@esbuild/linux-arm64": "0.25.9",
        "@esbuild/linux-ia32": "0.25.9",
        "@esbuild/linux-loong64": "0.25.9",
        "@esbuild/linux-mips64el": "0.25.9",
        "@esbuild/linux-ppc64": "0.25.9",
        "@esbuild/linux-riscv64": "0.25.9",
        "@esbuild/linux-s390x": "0.25.9",
        "@esbuild/linux-x64": "0.25.9",
        "@esbuild/netbsd-arm64": "0.25.9",
        "@esbuild/netbsd-x64": "0.25.9",
        "@esbuild/openbsd-arm64": "0.25.9",
        "@esbuild/openbsd-x64": "0.25.9",
        "@esbuild/openharmony-arm64": "0.25.9",
        "@esbuild/sunos-x64": "0.25.9",
        "@esbuild/win32-arm64": "0.25.9",
        "@esbuild/win32-ia32": "0.25.9",
        "@esbuild/win32-x64": "0.25.9"
      }
    },
    "node_modules/fflate": {
      "version": "0.8.3",
      "resolved": "https://registry.npmjs.org/fflate/-/fflate-0.8.3.tgz",
      "integrity": "sha512-tbZNuJrLwGUp3zshBtdy4W+ORxZuIh8a5ilyIEQDC5rY1f3U20JMry0Ll3WBzU58EZKsEuJFXhb5gwv8CsPvgA==",
      "license": "MIT"
    },
    "node_modules/ms": {
      "version": "2.1.3",
      "resolved": "https://registry.npmjs.org/ms/-/ms-2.1.3.tgz",
      "integrity": "sha512-6FlzubTLZG3J2a/NVCAleEhjzq5oxgHyaCU9yYXvcLsvoVaHJq/s5xXI6/XXP6tz7R9xAOtHnSO/tXtF3WRTlA==",
      "license": "MIT"
    },
    "node_modules/playcanvas": {
      "version": "2.22.0",
      "resolved": "https://registry.npmjs.org/playcanvas/-/playcanvas-2.22.0.tgz",
      "integrity": "sha512-EuapzvDRVV6pO1xseTynt/1Z5dWDCEUa2KR2o6ExYrDnfRNz83kNT2ieWyQoJB6THO7GLBZbRB0EP/RZrsfUHg==",
      "license": "MIT",
      "dependencies": {
        "@types/webxr": "^0.5.24",
        "@webgpu/types": "^0.1.70"
      },
      "engines": {
        "node": ">=18.3.0"
      }
    },
    "node_modules/three": {
      "version": "0.180.0",
      "resolved": "https://registry.npmjs.org/three/-/three-0.180.0.tgz",
      "integrity": "sha512-o+qycAMZrh+TsE01GqWUxUIKR1AL0S8pq7zDkYOQw8GqfX8b8VoCKYUoHbhiX5j+7hr8XsuHDVU6+gkQJQKg9w==",
      "license": "MIT"
    },
    "node_modules/webgpu": {
      "version": "0.4.0",
      "resolved": "https://registry.npmjs.org/webgpu/-/webgpu-0.4.0.tgz",
      "integrity": "sha512-F5pimn3Aoi0zWjuRdiVs5TnrUwSzD2lESBohsIUsqyitWkGRQlXU2fhV6ycXlQTa1bvAf3sjqiUpBEpmSQ5ptA==",
      "hasInstallScript": true,
      "license": "MIT",
      "dependencies": {
        "@webgpu/types": "^0.1.69",
        "debug": "^4.4.0"
      }
    }
  }
}
